
Microsoft Visual Studio Solution File, Format Version 12.00
# Visual Studio Version 16
VisualStudioVersion = 16.0.32228.343
MinimumVisualStudioVersion = 10.0.40219.1
Project("{FAE04EC0-301F-11D3-BF4B-00C04F79EFBC}") = "EDMX", "EDMX\EDMX.csproj", "{9E6A2D50-2F11-4B05-B0B9-6D7E96A33B3B}"
EndProject
Global
	GlobalSection(SolutionConfigurationPlatforms) = preSolution
		Debug|Any CPU = Debug|Any CPU
		Release|Any CPU = Release|Any CPU
	EndGlobalSection
	GlobalSection(ProjectConfigurationPlatforms) = postSolution
		{9E6A2D50-2F11-4B05-B0B9-6D7E96A33B3B}.Debug|Any CPU.ActiveCfg = Debug|Any CPU
		{9E6A2D50-2F11-4B05-B0B9-6D7E96A33B3B}.Debug|Any CPU.Build.0 = Debug|Any CPU
		{9E6A2D50-2F11-4B05-B0B9-6D7E96A33B3B}.Release|Any CPU.ActiveCfg = Release|Any CPU
		{9E6A2D50-2F11-4B05-B0B9-6D7E96A33B3B}.Release|Any CPU.Build.0 = Release|Any CPU
	EndGlobalSection
	GlobalSection(SolutionProperties) = preSolution
		HideSolutionNode = FALSE
	EndGlobalSection
	GlobalSection(ExtensibilityGlobals) = postSolution
		SolutionGuid = {6FE605CF-2274-40AA-9DDA-AB05FFD1589E}
	EndGlobalSection
EndGlobal
